// !$*UTF8*$!
{
	archiveVersion = 1;
	classes = {
	};
	objectVersion = 56;
	objects = {

/* Begin PBXBuildFile section */
		DD4257572B6A4A0D00D3FBD7 /* AppDelegate.swift in Sources */ = {isa = PBXBuildFile; fileRef = DD4257562B6A4A0D00D3FBD7 /* AppDelegate.swift */; };
		DD4257592B6A4A0D00D3FBD7 /* SceneDelegate.swift in Sources */ = {isa = PBXBuildFile; fileRef = DD4257582B6A4A0D00D3FBD7 /* SceneDelegate.swift */; };
		DD42575B2B6A4A0D00D3FBD7 /* ViewController.swift in Sources */ = {isa = PBXBuildFile; fileRef = DD42575A2B6A4A0D00D3FBD7 /* ViewController.swift */; };
		DD42575E2B6A4A0D00D3FBD7 /* Main.storyboard in Resources */ = {isa = PBXBuildFile; fileRef = DD42575C2B6A4A0D00D3FBD7 /* Main.storyboard */; };
		DD4257602B6A4A0F00D3FBD7 /* Assets.xcassets in Resources */ = {isa = PBXBuildFile; fileRef = DD42575F2B6A4A0F00D3FBD7 /* Assets.xcassets */; };
		DD4257632B6A4A0F00D3FBD7 /* LaunchScreen.storyboard in Resources */ = {isa = PBXBuildFile; fileRef = DD4257612B6A4A0F00D3FBD7 /* LaunchScreen.storyboard */; };
		DD42576C2B6A4AB100D3FBD7 /* SnapKit in Frameworks */ = {isa = PBXBuildFile; productRef = DD42576B2B6A4AB100D3FBD7 /* SnapKit */; };
/* End PBXBuildFile section */

/* Begin PBXFileReference section */
		DD4257532B6A4A0D00D3FBD7 /* FutureTech.app */ = {isa = PBXFileReference; explicitFileType = wrapper.application; includeInIndex = 0; path = FutureTech.app; sourceTree = BUILT_PRODUCTS_DIR; };
		DD4257562B6A4A0D00D3FBD7 /* AppDelegate.swift */ = {isa = PBXFileReference; lastKnownFileType = sourcecode.swift; path = AppDelegate.swift; sourceTree = "<group>"; };
		DD4257582B6A4A0D00D3FBD7 /* SceneDelegate.swift */ = {isa = PBXFileReference; lastKnownFileType = sourcecode.swift; path = SceneDelegate.swift; sourceTree = "<group>"; };
		DD42575A2B6A4A0D00D3FBD7 /* ViewController.swift */ = {isa = PBXFileReference; lastKnownFileType = sourcecode.swift; path = ViewController.swift; sourceTree = "<group>"; };
		DD42575D2B6A4A0D00D3FBD7 /* Base */ = {isa = PBXFileReference; lastKnownFileType = file.storyboard; name = Base; path = Base.lproj/Main.storyboard; sourceTree = "<group>"; };
		DD42575F2B6A4A0F00D3FBD7 /* Assets.xcassets */ = {isa = PBXFileReference; lastKnownFileType = folder.assetcatalog; path = Assets.xcassets; sourceTree = "<group>"; };
		DD4257622B6A4A0F00D3FBD7 /* Base */ = {isa = PBXFileReference; lastKnownFileType = file.storyboard; name = Base; path = Base.lproj/LaunchScreen.storyboard; sourceTree = "<group>"; };
		DD4257642B6A4A0F00D3FBD7 /* Info.plist */ = {isa = PBXFileReference; lastKnownFileType = text.plist.xml; path = Info.plist; sourceTree = "<group>"; };
/* End PBXFileReference section */

/* Begin PBXFrameworksBuildPhase section */
		DD4257502B6A4A0D00D3FBD7 /* Frameworks */ = {
			isa = PBXFrameworksBuildPhase;
			buildActionMask = 2147483647;
			files = (
				DD42576C2B6A4AB100D3FBD7 /* SnapKit in Frameworks */,
			);
			runOnlyForDeploymentPostprocessing = 0;
		};
/* End PBXFrameworksBuildPhase section */

/* Begin PBXGroup section */
		DD42574A2B6A4A0D00D3FBD7 = {
			isa = PBXGroup;
			children = (
				DD4257552B6A4A0D00D3FBD7 /* FutureTech */,
				DD4257542B6A4A0D00D3FBD7 /* Products */,
			);
			sourceTree = "<group>";
		};
		DD4257542B6A4A0D00D3FBD7 /* Products */ = {
			isa = PBXGroup;
			children = (
				DD4257532B6A4A0D00D3FBD7 /* FutureTech.app */,
			);
			name = Products;
			sourceTree = "<group>";
		};
		DD4257552B6A4A0D00D3FBD7 /* FutureTech */ = {
			isa = PBXGroup;
			children = (
				DD4257562B6A4A0D00D3FBD7 /* AppDelegate.swift */,
				DD4257582B6A4A0D00D3FBD7 /* SceneDelegate.swift */,
				DD42575A2B6A4A0D00D3FBD7 /* ViewController.swift */,
				DD42575C2B6A4A0D00D3FBD7 /* Main.storyboard */,
				DD42575F2B6A4A0F00D3FBD7 /* Assets.xcassets */,
				DD4257612B6A4A0F00D3FBD7 /* LaunchScreen.storyboard */,
				DD4257642B6A4A0F00D3FBD7 /* Info.plist */,
			);
			path = FutureTech;
			sourceTree = "<group>";
		};
/* End PBXGroup section */

/* Begin PBXNativeTarget section */
		DD4257522B6A4A0D00D3FBD7 /* FutureTech */ = {
			isa = PBXNativeTarget;
			buildConfigurationList = DD4257672B6A4A0F00D3FBD7 /* Build configuration list for PBXNativeTarget "FutureTech" */;
			buildPhases = (
				DD42574F2B6A4A0D00D3FBD7 /* Sources */,
				DD4257502B6A4A0D00D3FBD7 /* Frameworks */,
				DD4257512B6A4A0D00D3FBD7 /* Resources */,
			);
			buildRules = (
			);
			dependencies = (
			);
			name = FutureTech;
			packageProductDependencies = (
				DD42576B2B6A4AB100D3FBD7 /* SnapKit */,
			);
			productName = FutureTech;
			productReference = DD4257532B6A4A0D00D3FBD7 /* FutureTech.app */;
			productType = "com.apple.product-type.application";
		};
/* End PBXNativeTarget section */

/* Begin PBXProject section */
		DD42574B2B6A4A0D00D3FBD7 /* Project object */ = {
			isa = PBXProject;
			attributes = {
				BuildIndependentTargetsInParallel = 1;
				LastSwiftUpdateCheck = 1520;
				LastUpgradeCheck = 1520;
				TargetAttributes = {
					DD4257522B6A4A0D00D3FBD7 = {
						CreatedOnToolsVersion = 15.2;
					};
				};
			};
			buildConfigurationList = DD42574E2B6A4A0D00D3FBD7 /* Build configuration list for PBXProject "FutureTech" */;
			compatibilityVersion = "Xcode 14.0";
			developmentRegion = en;
			hasScannedForEncodings = 0;
			knownRegions = (
				en,
				Base,
			);
			mainGroup = DD42574A2B6A4A0D00D3FBD7;
			packageReferences = (
				DD42576A2B6A4AB100D3FBD7 /* XCRemoteSwiftPackageReference "SnapKit" */,
			);
			productRefGroup = DD4257542B6A4A0D00D3FBD7 /* Products */;
			projectDirPath = "";
			projectRoot = "";
			targets = (
				DD4257522B6A4A0D00D3FBD7 /* FutureTech */,
			);
		};
/* End PBXProject section */

/* Begin PBXResourcesBuildPhase section */
		DD4257512B6A4A0D00D3FBD7 /* Resources */ = {
			isa = PBXResourcesBuildPhase;
			buildActionMask = 2147483647;
			files = (
				DD4257632B6A4A0F00D3FBD7 /* LaunchScreen.storyboard in Resources */,
				DD4257602B6A4A0F00D3FBD7 /* Assets.xcassets in Resources */,
				DD42575E2B6A4A0D00D3FBD7 /* Main.storyboard in Resources */,
			);
			runOnlyForDeploymentPostprocessing = 0;
		};
/* End PBXResourcesBuildPhase section */

/* Begin PBXSourcesBuildPhase section */
		DD42574F2B6A4A0D00D3FBD7 /* Sources */ = {
			isa = PBXSourcesBuildPhase;
			buildActionMask = 2147483647;
			files = (
				DD42575B2B6A4A0D00D3FBD7 /* ViewController.swift in Sources */,
				DD4257572B6A4A0D00D3FBD7 /* AppDelegate.swift in Sources */,
				DD4257592B6A4A0D00D3FBD7 /* SceneDelegate.swift in Sources */,
			);
			runOnlyForDeploymentPostprocessing = 0;
		};
/* End PBXSourcesBuildPhase section */

/* Begin PBXVariantGroup section */
		DD42575C2B6A4A0D00D3FBD7 /* Main.storyboard */ = {
			isa = PBXVariantGroup;
			children = (
				DD42575D2B6A4A0D00D3FBD7 /* Base */,
			);
			name = Main.storyboard;
			sourceTree = "<group>";
		};
		DD4257612B6A4A0F00D3FBD7 /* LaunchScreen.storyboard */ = {
			isa = PBXVariantGroup;
			children = (
				DD4257622B6A4A0F00D3FBD7 /* Base */,
			);
			name = LaunchScreen.storyboard;
			sourceTree = "<group>";
		};
/* End PBXVariantGroup section */

/* Begin XCBuildConfiguration section */
		DD4257652B6A4A0F00D3FBD7 /* Debug */ = {
			isa = XCBuildConfiguration;
			buildSettings = {
				ALWAYS_SEARCH_USER_PATHS = NO;
				ASSETCATALOG_COMPILER_GENERATE_SWIFT_ASSET_SYMBOL_EXTENSIONS = YES;
				CLANG_ANALYZER_NONNULL = YES;
				CLANG_ANALYZER_NUMBER_OBJECT_CONVERSION = YES_AGGRESSIVE;
				CLANG_CXX_LANGUAGE_STANDARD = "gnu++20";
				CLANG_ENABLE_MODULES = YES;
				CLANG_ENABLE_OBJC_ARC = YES;
				CLANG_ENABLE_OBJC_WEAK = YES;
				CLANG_WARN_BLOCK_CAPTURE_AUTORELEASING = YES;
				CLANG_WARN_BOOL_CONVERSION = YES;
				CLANG_WARN_COMMA = YES;
				CLANG_WARN_CONSTANT_CONVERSION = YES;
				CLANG_WARN_DEPRECATED_OBJC_IMPLEMENTATIONS = YES;
				CLANG_WARN_DIRECT_OBJC_ISA_USAGE = YES_ERROR;
				CLANG_WARN_DOCUMENTATION_COMMENTS = YES;
				CLANG_WARN_EMPTY_BODY = YES;
				CLANG_WARN_ENUM_CONVERSION = YES;
				CLANG_WARN_INFINITE_RECURSION = YES;
				CLANG_WARN_INT_CONVERSION = YES;
				CLANG_WARN_NON_LITERAL_NULL_CONVERSION = YES;
				CLANG_WARN_OBJC_IMPLICIT_RETAIN_SELF = YES;
				CLANG_WARN_OBJC_LITERAL_CONVERSION = YES;
				CLANG_WARN_OBJC_ROOT_CLASS = YES_ERROR;
				CLANG_WARN_QUOTED_INCLUDE_IN_FRAMEWORK_HEADER = YES;
				CLANG_WARN_RANGE_LOOP_ANALYSIS = YES;
				CLANG_WARN_STRICT_PROTOTYPES = YES;
				CLANG_WARN_SUSPICIOUS_MOVE = YES;
				CLANG_WARN_UNGUARDED_AVAILABILITY = YES_AGGRESSIVE;
				CLANG_WARN_UNREACHABLE_CODE = YES;
				CLANG_WARN__DUPLICATE_METHOD_MATCH = YES;
				COPY_PHASE_STRIP = NO;
				DEBUG_INFORMATION_FORMAT = dwarf;
				ENABLE_STRICT_OBJC_MSGSEND = YES;
				ENABLE_TESTABILITY = YES;
				ENABLE_USER_SCRIPT_SANDBOXING = YES;
				GCC_C_LANGUAGE_STANDARD = gnu17;
				GCC_DYNAMIC_NO_PIC = NO;
				GCC_NO_COMMON_BLOCKS = YES;
				GCC_OPTIMIZATION_LEVEL = 0;
				GCC_PREPROCESSOR_DEFINITIONS = (
					"DEBUG=1",
					"$(inherited)",
				);
				GCC_WARN_64_TO_32_BIT_CONVERSION = YES;
				GCC_WARN_ABOUT_RETURN_TYPE = YES_ERROR;
				GCC_WARN_UNDECLARED_SELECTOR = YES;
				GCC_WARN_UNINITIALIZED_AUTOS = YES_AGGRESSIVE;
				GCC_WARN_UNUSED_FUNCTION = YES;
				GCC_WARN_UNUSED_VARIABLE = YES;
				IPHONEOS_DEPLOYMENT_TARGET = 17.2;
				LOCALIZATION_PREFERS_STRING_CATALOGS = YES;
				MTL_ENABLE_DEBUG_INFO = INCLUDE_SOURCE;
				MTL_FAST_MATH = YES;
				ONLY_ACTIVE_ARCH = YES;
				SDKROOT = iphoneos;
				SWIFT_ACTIVE_COMPILATION_CONDITIONS = "DEBUG $(inherited)";
				SWIFT_OPTIMIZATION_LEVEL = "-Onone";
			};
			name = Debug;
		};
		DD4257662B6A4A0F00D3FBD7 /* Release */ = {
			isa = XCBuildConfiguration;
			buildSettings = {
				ALWAYS_SEARCH_USER_PATHS = NO;
				ASSETCATALOG_COMPILER_GENERATE_SWIFT_ASSET_SYMBOL_EXTENSIONS = YES;
				CLANG_ANALYZER_NONNULL = YES;
				CLANG_ANALYZER_NUMBER_OBJECT_CONVERSION = YES_AGGRESSIVE;
				CLANG_CXX_LANGUAGE_STANDARD = "gnu++20";
				CLANG_ENABLE_MODULES = YES;
				CLANG_ENABLE_OBJC_ARC = YES;
				CLANG_ENABLE_OBJC_WEAK = YES;
				CLANG_WARN_BLOCK_CAPTURE_AUTORELEASING = YES;
				CLANG_WARN_BOOL_CONVERSION = YES;
				CLANG_WARN_COMMA = YES;
				CLANG_WARN_CONSTANT_CONVERSION = YES;
				CLANG_WARN_DEPRECATED_OBJC_IMPLEMENTATIONS = YES;
				CLANG_WARN_DIRECT_OBJC_ISA_USAGE = YES_ERROR;
				CLANG_WARN_DOCUMENTATION_COMMENTS = YES;
				CLANG_WARN_EMPTY_BODY = YES;
				CLANG_WARN_ENUM_CONVERSION = YES;
				CLANG_WARN_INFINITE_RECURSION = YES;
				CLANG_WARN_INT_CONVERSION = YES;
				CLANG_WARN_NON_LITERAL_NULL_CONVERSION = YES;
				CLANG_WARN_OBJC_IMPLICIT_RETAIN_SELF = YES;
				CLANG_WARN_OBJC_LITERAL_CONVERSION = YES;
				CLANG_WARN_OBJC_ROOT_CLASS = YES_ERROR;
				CLANG_WARN_QUOTED_INCLUDE_IN_FRAMEWORK_HEADER = YES;
				CLANG_WARN_RANGE_LOOP_ANALYSIS = YES;
				CLANG_WARN_STRICT_PROTOTYPES = YES;
				CLANG_WARN_SUSPICIOUS_MOVE = YES;
				CLANG_WARN_UNGUARDED_AVAILABILITY = YES_AGGRESSIVE;
				CLANG_WARN_UNREACHABLE_CODE = YES;
				CLANG_WARN__DUPLICATE_METHOD_MATCH = YES;
				COPY_PHASE_STRIP = NO;
				DEBUG_INFORMATION_FORMAT = "dwarf-with-dsym";
				ENABLE_NS_ASSERTIONS = NO;
				ENABLE_STRICT_OBJC_MSGSEND = YES;
				ENABLE_USER_SCRIPT_SANDBOXING = YES;
				GCC_C_LANGUAGE_STANDARD = gnu17;
				GCC_NO_COMMON_BLOCKS = YES;
				GCC_WARN_64_TO_32_BIT_CONVERSION = YES;
				GCC_WARN_ABOUT_RETURN_TYPE = YES_ERROR;
				GCC_WARN_UNDECLARED_SELECTOR = YES;
				GCC_WARN_UNINITIALIZED_AUTOS = YES_AGGRESSIVE;
				GCC_WARN_UNUSED_FUNCTION = YES;
				GCC_WARN_UNUSED_VARIABLE = YES;
				IPHONEOS_DEPLOYMENT_TARGET = 17.2;
				LOCALIZATION_PREFERS_STRING_CATALOGS = YES;
				MTL_ENABLE_DEBUG_INFO = NO;
				MTL_FAST_MATH = YES;
				SDKROOT = iphoneos;
				SWIFT_COMPILATION_MODE = wholemodule;
				VALIDATE_PRODUCT = YES;
			};
			name = Release;
		};
		DD4257682B6A4A0F00D3FBD7 /* Debug */ = {
			isa = XCBuildConfiguration;
			buildSettings = {
				ASSETCATALOG_COMPILER_APPICON_NAME = AppIcon;
				ASSETCATALOG_COMPILER_GLOBAL_ACCENT_COLOR_NAME = AccentColor;
				CODE_SIGN_STYLE = Automatic;
				CURRENT_PROJECT_VERSION = 1;
				DEVELOPMENT_TEAM = R9D9QH4VCW;
				GENERATE_INFOPLIST_FILE = YES;
				INFOPLIST_FILE = FutureTech/Info.plist;
				INFOPLIST_KEY_UIApplicationSupportsIndirectInputEvents = YES;
				INFOPLIST_KEY_UILaunchStoryboardName = LaunchScreen;
				INFOPLIST_KEY_UIMainStoryboardFile = Main;
				INFOPLIST_KEY_UISupportedInterfaceOrientations_iPad = "UIInterfaceOrientationPortrait UIInterfaceOrientationPortraitUpsideDown UIInterfaceOrientationLandscapeLeft UIInterfaceOrientationLandscapeRight";
				INFOPLIST_KEY_UISupportedInterfaceOrientations_iPhone = "UIInterfaceOrientationPortrait UIInterfaceOrientationLandscapeLeft UIInterfaceOrientationLandscapeRight";
				LD_RUNPATH_SEARCH_PATHS = (
					"$(inherited)",
					"@executable_path/Frameworks",
				);
				MARKETING_VERSION = 1.0;
				PRODUCT_BUNDLE_IDENTIFIER = com.emrecetinkaya.FutureTech;
				PRODUCT_NAME = "$(TARGET_NAME)";
				SWIFT_EMIT_LOC_STRINGS = YES;
				SWIFT_VERSION = 5.0;
				TARGETED_DEVICE_FAMILY = "1,2";
			};
			name = Debug;
		};
		DD4257692B6A4A0F00D3FBD7 /* Release */ = {
			isa = XCBuildConfiguration;
			buildSettings = {
				ASSETCATALOG_COMPILER_APPICON_NAME = AppIcon;
				ASSETCATALOG_COMPILER_GLOBAL_ACCENT_COLOR_NAME = AccentColor;
				CODE_SIGN_STYLE = Automatic;
				CURRENT_PROJECT_VERSION = 1;
				DEVELOPMENT_TEAM = R9D9QH4VCW;
				GENERATE_INFOPLIST_FILE = YES;
				INFOPLIST_FILE = FutureTech/Info.plist;
				INFOPLIST_KEY_UIApplicationSupportsIndirectInputEvents = YES;
				INFOPLIST_KEY_UILaunchStoryboardName = LaunchScreen;
				INFOPLIST_KEY_UIMainStoryboardFile = Main;
				INFOPLIST_KEY_UISupportedInterfaceOrientations_iPad = "UIInterfaceOrientationPortrait UIInterfaceOrientationPortraitUpsideDown UIInterfaceOrientationLandscapeLeft UIInterfaceOrientationLandscapeRight";
				INFOPLIST_KEY_UISupportedInterfaceOrientations_iPhone = "UIInterfaceOrientationPortrait UIInterfaceOrientationLandscapeLeft UIInterfaceOrientationLandscapeRight";
				LD_RUNPATH_SEARCH_PATHS = (
					"$(inherited)",
					"@executable_path/Frameworks",
				);
				MARKETING_VERSION = 1.0;
				PRODUCT_BUNDLE_IDENTIFIER = com.emrecetinkaya.FutureTech;
				PRODUCT_NAME = "$(TARGET_NAME)";
				SWIFT_EMIT_LOC_STRINGS = YES;
				SWIFT_VERSION = 5.0;
				TARGETED_DEVICE_FAMILY = "1,2";
			};
			name = Release;
		};
/* End XCBuildConfiguration section */

/* Begin XCConfigurationList section */
		DD42574E2B6A4A0D00D3FBD7 /* Build configuration list for PBXProject "FutureTech" */ = {
			isa = XCConfigurationList;
			buildConfigurations = (
				DD4257652B6A4A0F00D3FBD7 /* Debug */,
				DD4257662B6A4A0F00D3FBD7 /* Release */,
			);
			defaultConfigurationIsVisible = 0;
			defaultConfigurationName = Release;
		};
		DD4257672B6A4A0F00D3FBD7 /* Build configuration list for PBXNativeTarget "FutureTech" */ = {
			isa = XCConfigurationList;
			buildConfigurations = (
				DD4257682B6A4A0F00D3FBD7 /* Debug */,
				DD4257692B6A4A0F00D3FBD7 /* Release */,
			);
			defaultConfigurationIsVisible = 0;
			defaultConfigurationName = Release;
		};
/* End XCConfigurationList section */

/* Begin XCRemoteSwiftPackageReference section */
		DD42576A2B6A4AB100D3FBD7 /* XCRemoteSwiftPackageReference "SnapKit" */ = {
			isa = XCRemoteSwiftPackageReference;
			repositoryURL = "https://github.com/SnapKit/SnapKit.git";
			requirement = {
				kind = upToNextMajorVersion;
				minimumVersion = 5.7.0;
			};
		};
/* End XCRemoteSwiftPackageReference section */

/* Begin XCSwiftPackageProductDependency section */
		DD42576B2B6A4AB100D3FBD7 /* SnapKit */ = {
			isa = XCSwiftPackageProductDependency;
			package = DD42576A2B6A4AB100D3FBD7 /* XCRemoteSwiftPackageReference "SnapKit" */;
			productName = SnapKit;
		};
/* End XCSwiftPackageProductDependency section */
	};
	rootObject = DD42574B2B6A4A0D00D3FBD7 /* Project object */;
}
